
Microsoft Visual Studio Solution File, Format Version 12.00
# Visual Studio 15
VisualStudioVersion = 15.0.27703.2035
MinimumVisualStudioVersion = 10.0.40219.1
Project("{FAE04EC0-301F-11D3-BF4B-00C04F79EFBC}") = "dd", "dd\dd.csproj", "{FBCFB63C-566E-4A83-9879-AC7698493DD5}"
EndProject
Global
	GlobalSection(SolutionConfigurationPlatforms) = preSolution
		Debug|Any CPU = Debug|Any CPU
		Release|Any CPU = Release|Any CPU
	EndGlobalSection
	GlobalSection(ProjectConfigurationPlatforms) = postSolution
		{FBCFB63C-566E-4A83-9879-AC7698493DD5}.Debug|Any CPU.ActiveCfg = Debug|Any CPU
		{FBCFB63C-566E-4A83-9879-AC7698493DD5}.Debug|Any CPU.Build.0 = Debug|Any CPU
		{FBCFB63C-566E-4A83-9879-AC7698493DD5}.Release|Any CPU.ActiveCfg = Release|Any CPU
		{FBCFB63C-566E-4A83-9879-AC7698493DD5}.Release|Any CPU.Build.0 = Release|Any CPU
	EndGlobalSection
	GlobalSection(SolutionProperties) = preSolution
		HideSolutionNode = FALSE
	EndGlobalSection
	GlobalSection(ExtensibilityGlobals) = postSolution
		SolutionGuid = {B8210654-E8AA-4B47-90EA-2FC1CCD65307}
	EndGlobalSection
EndGlobal
